
Microsoft Visual Studio Solution File, Format Version 12.00
# Visual Studio Version 16
VisualStudioVersion = 16.0.30517.126
MinimumVisualStudioVersion = 10.0.40219.1
Project("{9A19103F-16F7-4668-BE54-9A1E7A4F7556}") = "filesystem", "filesystem\filesystem.csproj", "{74E6998C-00C9-4118-A48E-C24BA0E87134}"
EndProject
Project("{9A19103F-16F7-4668-BE54-9A1E7A4F7556}") = "FileCreate", "FileCreate\FileCreate.csproj", "{2F0B3955-61EB-4C9F-9717-F2E8EA4BB0AD}"
EndProject
Project("{FAE04EC0-301F-11D3-BF4B-00C04F79EFBC}") = "Lists", "Lists\Lists.csproj", "{52F74018-9F1B-4C33-B68D-B3AA6FF5A318}"
EndProject
Global
	GlobalSection(SolutionConfigurationPlatforms) = preSolution
		Debug|Any CPU = Debug|Any CPU
		Release|Any CPU = Release|Any CPU
	EndGlobalSection
	GlobalSection(ProjectConfigurationPlatforms) = postSolution
		{74E6998C-00C9-4118-A48E-C24BA0E87134}.Debug|Any CPU.ActiveCfg = Debug|Any CPU
		{74E6998C-00C9-4118-A48E-C24BA0E87134}.Debug|Any CPU.Build.0 = Debug|Any CPU
		{74E6998C-00C9-4118-A48E-C24BA0E87134}.Release|Any CPU.ActiveCfg = Release|Any CPU
		{74E6998C-00C9-4118-A48E-C24BA0E87134}.Release|Any CPU.Build.0 = Release|Any CPU
		{2F0B3955-61EB-4C9F-9717-F2E8EA4BB0AD}.Debug|Any CPU.ActiveCfg = Debug|Any CPU
		{2F0B3955-61EB-4C9F-9717-F2E8EA4BB0AD}.Debug|Any CPU.Build.0 = Debug|Any CPU
		{2F0B3955-61EB-4C9F-9717-F2E8EA4BB0AD}.Release|Any CPU.ActiveCfg = Release|Any CPU
		{2F0B3955-61EB-4C9F-9717-F2E8EA4BB0AD}.Release|Any CPU.Build.0 = Release|Any CPU
		{52F74018-9F1B-4C33-B68D-B3AA6FF5A318}.Debug|Any CPU.ActiveCfg = Debug|Any CPU
		{52F74018-9F1B-4C33-B68D-B3AA6FF5A318}.Debug|Any CPU.Build.0 = Debug|Any CPU
		{52F74018-9F1B-4C33-B68D-B3AA6FF5A318}.Release|Any CPU.ActiveCfg = Release|Any CPU
		{52F74018-9F1B-4C33-B68D-B3AA6FF5A318}.Release|Any CPU.Build.0 = Release|Any CPU
	EndGlobalSection
	GlobalSection(SolutionProperties) = preSolution
		HideSolutionNode = FALSE
	EndGlobalSection
	GlobalSection(ExtensibilityGlobals) = postSolution
		SolutionGuid = {6A46CC7E-37B6-4719-B6AF-C66554B9446E}
	EndGlobalSection
EndGlobal
